
Microsoft Visual Studio Solution File, Format Version 12.00
# Visual Studio Version 16
VisualStudioVersion = 16.0.30002.166
MinimumVisualStudioVersion = 10.0.40219.1
Project("{FAE04EC0-301F-11D3-BF4B-00C04F79EFBC}") = "MidiEventReader", "MidiEventReader.csproj", "{7BC57338-C12D-4520-958F-DDF74928514B}"
EndProject
Global
	GlobalSection(SolutionConfigurationPlatforms) = preSolution
		Debug|Any CPU = Debug|Any CPU
		Release|Any CPU = Release|Any CPU
	EndGlobalSection
	GlobalSection(ProjectConfigurationPlatforms) = postSolution
		{7BC57338-C12D-4520-958F-DDF74928514B}.Debug|Any CPU.ActiveCfg = Debug|Any CPU
		{7BC57338-C12D-4520-958F-DDF74928514B}.Debug|Any CPU.Build.0 = Debug|Any CPU
		{7BC57338-C12D-4520-958F-DDF74928514B}.Release|Any CPU.ActiveCfg = Release|Any CPU
		{7BC57338-C12D-4520-958F-DDF74928514B}.Release|Any CPU.Build.0 = Release|Any CPU
	EndGlobalSection
	GlobalSection(SolutionProperties) = preSolution
		HideSolutionNode = FALSE
	EndGlobalSection
	GlobalSection(ExtensibilityGlobals) = postSolution
		SolutionGuid = {E0645B33-ABFB-4A7D-A814-F21C2A0D8D57}
	EndGlobalSection
EndGlobal
